
Microsoft Visual Studio Solution File, Format Version 12.00
# Visual Studio 14
VisualStudioVersion = 14.0.25420.1
MinimumVisualStudioVersion = 10.0.40219.1
Project("{FAE04EC0-301F-11D3-BF4B-00C04F79EFBC}") = "UMWebApi", "UMWebApi\UMWebApi.csproj", "{94C9B998-DE86-41AE-9543-6BF71F91C4C7}"
EndProject
Project("{FAE04EC0-301F-11D3-BF4B-00C04F79EFBC}") = "UMDataAccess", "UMDataAccess\UMDataAccess.csproj", "{97C2DF9F-8180-4226-BFD0-005255692291}"
EndProject
Project("{FAE04EC0-301F-11D3-BF4B-00C04F79EFBC}") = "UMDomainEntity", "UMDomainEntity\UMDomainEntity.csproj", "{14A31D6C-5EA0-4263-8236-23A90BA50CAF}"
EndProject
Project("{FAE04EC0-301F-11D3-BF4B-00C04F79EFBC}") = "UMServices", "UMServices\UMServices.csproj", "{56CA3F8C-3E74-461B-B855-90DA9508EA66}"
EndProject
Project("{FAE04EC0-301F-11D3-BF4B-00C04F79EFBC}") = "UMApp.Android", "UMApp\UMApp.Android\UMApp.Android.csproj", "{85DE47E3-BC2A-418C-99CD-4114E4617389}"
EndProject
Project("{FAE04EC0-301F-11D3-BF4B-00C04F79EFBC}") = "UMApp", "UMApp\UMApp\UMApp.csproj", "{10EB319E-45B2-4571-9DC9-85D181E03F2D}"
EndProject
Project("{FAE04EC0-301F-11D3-BF4B-00C04F79EFBC}") = "UMApp.UWP", "UMApp\UMApp.UWP\UMApp.UWP.csproj", "{D6856544-BE1D-4930-A8B6-365CA409ADD0}"
EndProject
Project("{FAE04EC0-301F-11D3-BF4B-00C04F79EFBC}") = "UMApp.iOS", "UMApp\UMApp.iOS\UMApp.iOS.csproj", "{6AD9C629-DC56-4123-9486-AA0207EE0660}"
EndProject
Global
	GlobalSection(SolutionConfigurationPlatforms) = preSolution
		Ad-Hoc|Any CPU = Ad-Hoc|Any CPU
		Ad-Hoc|ARM = Ad-Hoc|ARM
		Ad-Hoc|iPhone = Ad-Hoc|iPhone
		Ad-Hoc|iPhoneSimulator = Ad-Hoc|iPhoneSimulator
		Ad-Hoc|x64 = Ad-Hoc|x64
		Ad-Hoc|x86 = Ad-Hoc|x86
		AppStore|Any CPU = AppStore|Any CPU
		AppStore|ARM = AppStore|ARM
		AppStore|iPhone = AppStore|iPhone
		AppStore|iPhoneSimulator = AppStore|iPhoneSimulator
		AppStore|x64 = AppStore|x64
		AppStore|x86 = AppStore|x86
		Debug|Any CPU = Debug|Any CPU
		Debug|ARM = Debug|ARM
		Debug|iPhone = Debug|iPhone
		Debug|iPhoneSimulator = Debug|iPhoneSimulator
		Debug|x64 = Debug|x64
		Debug|x86 = Debug|x86
		Release|Any CPU = Release|Any CPU
		Release|ARM = Release|ARM
		Release|iPhone = Release|iPhone
		Release|iPhoneSimulator = Release|iPhoneSimulator
		Release|x64 = Release|x64
		Release|x86 = Release|x86
	EndGlobalSection
	GlobalSection(ProjectConfigurationPlatforms) = postSolution
		{94C9B998-DE86-41AE-9543-6BF71F91C4C7}.Ad-Hoc|Any CPU.ActiveCfg = Release|Any CPU
		{94C9B998-DE86-41AE-9543-6BF71F91C4C7}.Ad-Hoc|Any CPU.Build.0 = Release|Any CPU
		{94C9B998-DE86-41AE-9543-6BF71F91C4C7}.Ad-Hoc|ARM.ActiveCfg = Release|Any CPU
		{94C9B998-DE86-41AE-9543-6BF71F91C4C7}.Ad-Hoc|ARM.Build.0 = Release|Any CPU
		{94C9B998-DE86-41AE-9543-6BF71F91C4C7}.Ad-Hoc|iPhone.ActiveCfg = Release|Any CPU
		{94C9B998-DE86-41AE-9543-6BF71F91C4C7}.Ad-Hoc|iPhone.Build.0 = Release|Any CPU
		{94C9B998-DE86-41AE-9543-6BF71F91C4C7}.Ad-Hoc|iPhoneSimulator.ActiveCfg = Release|Any CPU
		{94C9B998-DE86-41AE-9543-6BF71F91C4C7}.Ad-Hoc|iPhoneSimulator.Build.0 = Release|Any CPU
		{94C9B998-DE86-41AE-9543-6BF71F91C4C7}.Ad-Hoc|x64.ActiveCfg = Release|Any CPU
		{94C9B998-DE86-41AE-9543-6BF71F91C4C7}.Ad-Hoc|x64.Build.0 = Release|Any CPU
		{94C9B998-DE86-41AE-9543-6BF71F91C4C7}.Ad-Hoc|x86.ActiveCfg = Release|Any CPU
		{94C9B998-DE86-41AE-9543-6BF71F91C4C7}.Ad-Hoc|x86.Build.0 = Release|Any CPU
		{94C9B998-DE86-41AE-9543-6BF71F91C4C7}.AppStore|Any CPU.ActiveCfg = Release|Any CPU
		{94C9B998-DE86-41AE-9543-6BF71F91C4C7}.AppStore|Any CPU.Build.0 = Release|Any CPU
		{94C9B998-DE86-41AE-9543-6BF71F91C4C7}.AppStore|ARM.ActiveCfg = Release|Any CPU
		{94C9B998-DE86-41AE-9543-6BF71F91C4C7}.AppStore|ARM.Build.0 = Release|Any CPU
		{94C9B998-DE86-41AE-9543-6BF71F91C4C7}.AppStore|iPhone.ActiveCfg = Release|Any CPU
		{94C9B998-DE86-41AE-9543-6BF71F91C4C7}.AppStore|iPhone.Build.0 = Release|Any CPU
		{94C9B998-DE86-41AE-9543-6BF71F91C4C7}.AppStore|iPhoneSimulator.ActiveCfg = Release|Any CPU
		{94C9B998-DE86-41AE-9543-6BF71F91C4C7}.AppStore|iPhoneSimulator.Build.0 = Release|Any CPU
		{94C9B998-DE86-41AE-9543-6BF71F91C4C7}.AppStore|x64.ActiveCfg = Release|Any CPU
		{94C9B998-DE86-41AE-9543-6BF71F91C4C7}.AppStore|x64.Build.0 = Release|Any CPU
		{94C9B998-DE86-41AE-9543-6BF71F91C4C7}.AppStore|x86.ActiveCfg = Release|Any CPU
		{94C9B998-DE86-41AE-9543-6BF71F91C4C7}.AppStore|x86.Build.0 = Release|Any CPU
		{94C9B998-DE86-41AE-9543-6BF71F91C4C7}.Debug|Any CPU.ActiveCfg = Debug|Any CPU
		{94C9B998-DE86-41AE-9543-6BF71F91C4C7}.Debug|Any CPU.Build.0 = Debug|Any CPU
		{94C9B998-DE86-41AE-9543-6BF71F91C4C7}.Debug|ARM.ActiveCfg = Debug|Any CPU
		{94C9B998-DE86-41AE-9543-6BF71F91C4C7}.Debug|ARM.Build.0 = Debug|Any CPU
		{94C9B998-DE86-41AE-9543-6BF71F91C4C7}.Debug|iPhone.ActiveCfg = Debug|Any CPU
		{94C9B998-DE86-41AE-9543-6BF71F91C4C7}.Debug|iPhone.Build.0 = Debug|Any CPU
		{94C9B998-DE86-41AE-9543-6BF71F91C4C7}.Debug|iPhoneSimulator.ActiveCfg = Debug|Any CPU
		{94C9B998-DE86-41AE-9543-6BF71F91C4C7}.Debug|iPhoneSimulator.Build.0 = Debug|Any CPU
		{94C9B998-DE86-41AE-9543-6BF71F91C4C7}.Debug|x64.ActiveCfg = Debug|Any CPU
		{94C9B998-DE86-41AE-9543-6BF71F91C4C7}.Debug|x64.Build.0 = Debug|Any CPU
		{94C9B998-DE86-41AE-9543-6BF71F91C4C7}.Debug|x86.ActiveCfg = Debug|Any CPU
		{94C9B998-DE86-41AE-9543-6BF71F91C4C7}.Debug|x86.Build.0 = Debug|Any CPU
		{94C9B998-DE86-41AE-9543-6BF71F91C4C7}.Release|Any CPU.ActiveCfg = Release|Any CPU
		{94C9B998-DE86-41AE-9543-6BF71F91C4C7}.Release|Any CPU.Build.0 = Release|Any CPU
		{94C9B998-DE86-41AE-9543-6BF71F91C4C7}.Release|ARM.ActiveCfg = Release|Any CPU
		{94C9B998-DE86-41AE-9543-6BF71F91C4C7}.Release|ARM.Build.0 = Release|Any CPU
		{94C9B998-DE86-41AE-9543-6BF71F91C4C7}.Release|iPhone.ActiveCfg = Release|Any CPU
		{94C9B998-DE86-41AE-9543-6BF71F91C4C7}.Release|iPhone.Build.0 = Release|Any CPU
		{94C9B998-DE86-41AE-9543-6BF71F91C4C7}.Release|iPhoneSimulator.ActiveCfg = Release|Any CPU
		{94C9B998-DE86-41AE-9543-6BF71F91C4C7}.Release|iPhoneSimulator.Build.0 = Release|Any CPU
		{94C9B998-DE86-41AE-9543-6BF71F91C4C7}.Release|x64.ActiveCfg = Release|Any CPU
		{94C9B998-DE86-41AE-9543-6BF71F91C4C7}.Release|x64.Build.0 = Release|Any CPU
		{94C9B998-DE86-41AE-9543-6BF71F91C4C7}.Release|x86.ActiveCfg = Release|Any CPU
		{94C9B998-DE86-41AE-9543-6BF71F91C4C7}.Release|x86.Build.0 = Release|Any CPU
		{97C2DF9F-8180-4226-BFD0-005255692291}.Ad-Hoc|Any CPU.ActiveCfg = Release|Any CPU
		{97C2DF9F-8180-4226-BFD0-005255692291}.Ad-Hoc|Any CPU.Build.0 = Release|Any CPU
		{97C2DF9F-8180-4226-BFD0-005255692291}.Ad-Hoc|ARM.ActiveCfg = Release|Any CPU
		{97C2DF9F-8180-4226-BFD0-005255692291}.Ad-Hoc|ARM.Build.0 = Release|Any CPU
		{97C2DF9F-8180-4226-BFD0-005255692291}.Ad-Hoc|iPhone.ActiveCfg = Release|Any CPU
		{97C2DF9F-8180-4226-BFD0-005255692291}.Ad-Hoc|iPhone.Build.0 = Release|Any CPU
		{97C2DF9F-8180-4226-BFD0-005255692291}.Ad-Hoc|iPhoneSimulator.ActiveCfg = Release|Any CPU
		{97C2DF9F-8180-4226-BFD0-005255692291}.Ad-Hoc|iPhoneSimulator.Build.0 = Release|Any CPU
		{97C2DF9F-8180-4226-BFD0-005255692291}.Ad-Hoc|x64.ActiveCfg = Release|Any CPU
		{97C2DF9F-8180-4226-BFD0-005255692291}.Ad-Hoc|x64.Build.0 = Release|Any CPU
		{97C2DF9F-8180-4226-BFD0-005255692291}.Ad-Hoc|x86.ActiveCfg = Release|Any CPU
		{97C2DF9F-8180-4226-BFD0-005255692291}.Ad-Hoc|x86.Build.0 = Release|Any CPU
		{97C2DF9F-8180-4226-BFD0-005255692291}.AppStore|Any CPU.ActiveCfg = Release|Any CPU
		{97C2DF9F-8180-4226-BFD0-005255692291}.AppStore|Any CPU.Build.0 = Release|Any CPU
		{97C2DF9F-8180-4226-BFD0-005255692291}.AppStore|ARM.ActiveCfg = Release|Any CPU
		{97C2DF9F-8180-4226-BFD0-005255692291}.AppStore|ARM.Build.0 = Release|Any CPU
		{97C2DF9F-8180-4226-BFD0-005255692291}.AppStore|iPhone.ActiveCfg = Release|Any CPU
		{97C2DF9F-8180-4226-BFD0-005255692291}.AppStore|iPhone.Build.0 = Release|Any CPU
		{97C2DF9F-8180-4226-BFD0-005255692291}.AppStore|iPhoneSimulator.ActiveCfg = Release|Any CPU
		{97C2DF9F-8180-4226-BFD0-005255692291}.AppStore|iPhoneSimulator.Build.0 = Release|Any CPU
		{97C2DF9F-8180-4226-BFD0-005255692291}.AppStore|x64.ActiveCfg = Release|Any CPU
		{97C2DF9F-8180-4226-BFD0-005255692291}.AppStore|x64.Build.0 = Release|Any CPU
		{97C2DF9F-8180-4226-BFD0-005255692291}.AppStore|x86.ActiveCfg = Release|Any CPU
		{97C2DF9F-8180-4226-BFD0-005255692291}.AppStore|x86.Build.0 = Release|Any CPU
		{97C2DF9F-8180-4226-BFD0-005255692291}.Debug|Any CPU.ActiveCfg = Debug|Any CPU
		{97C2DF9F-8180-4226-BFD0-005255692291}.Debug|Any CPU.Build.0 = Debug|Any CPU
		{97C2DF9F-8180-4226-BFD0-005255692291}.Debug|ARM.ActiveCfg = Debug|Any CPU
		{97C2DF9F-8180-4226-BFD0-005255692291}.Debug|ARM.Build.0 = Debug|Any CPU
		{97C2DF9F-8180-4226-BFD0-005255692291}.Debug|iPhone.ActiveCfg = Debug|Any CPU
		{97C2DF9F-8180-4226-BFD0-005255692291}.Debug|iPhone.Build.0 = Debug|Any CPU
		{97C2DF9F-8180-4226-BFD0-005255692291}.Debug|iPhoneSimulator.ActiveCfg = Debug|Any CPU
		{97C2DF9F-8180-4226-BFD0-005255692291}.Debug|iPhoneSimulator.Build.0 = Debug|Any CPU
		{97C2DF9F-8180-4226-BFD0-005255692291}.Debug|x64.ActiveCfg = Debug|Any CPU
		{97C2DF9F-8180-4226-BFD0-005255692291}.Debug|x64.Build.0 = Debug|Any CPU
		{97C2DF9F-8180-4226-BFD0-005255692291}.Debug|x86.ActiveCfg = Debug|Any CPU
		{97C2DF9F-8180-4226-BFD0-005255692291}.Debug|x86.Build.0 = Debug|Any CPU
		{97C2DF9F-8180-4226-BFD0-005255692291}.Release|Any CPU.ActiveCfg = Release|Any CPU
		{97C2DF9F-8180-4226-BFD0-005255692291}.Release|Any CPU.Build.0 = Release|Any CPU
		{97C2DF9F-8180-4226-BFD0-005255692291}.Release|ARM.ActiveCfg = Release|Any CPU
		{97C2DF9F-8180-4226-BFD0-005255692291}.Release|ARM.Build.0 = Release|Any CPU
		{97C2DF9F-8180-4226-BFD0-005255692291}.Release|iPhone.ActiveCfg = Release|Any CPU
		{97C2DF9F-8180-4226-BFD0-005255692291}.Release|iPhone.Build.0 = Release|Any CPU
		{97C2DF9F-8180-4226-BFD0-005255692291}.Release|iPhoneSimulator.ActiveCfg = Release|Any CPU
		{97C2DF9F-8180-4226-BFD0-005255692291}.Release|iPhoneSimulator.Build.0 = Release|Any CPU
		{97C2DF9F-8180-4226-BFD0-005255692291}.Release|x64.ActiveCfg = Release|Any CPU
		{97C2DF9F-8180-4226-BFD0-005255692291}.Release|x64.Build.0 = Release|Any CPU
		{97C2DF9F-8180-4226-BFD0-005255692291}.Release|x86.ActiveCfg = Release|Any CPU
		{97C2DF9F-8180-4226-BFD0-005255692291}.Release|x86.Build.0 = Release|Any CPU
		{14A31D6C-5EA0-4263-8236-23A90BA50CAF}.Ad-Hoc|Any CPU.ActiveCfg = Release|Any CPU
		{14A31D6C-5EA0-4263-8236-23A90BA50CAF}.Ad-Hoc|Any CPU.Build.0 = Release|Any CPU
		{14A31D6C-5EA0-4263-8236-23A90BA50CAF}.Ad-Hoc|ARM.ActiveCfg = Release|Any CPU
		{14A31D6C-5EA0-4263-8236-23A90BA50CAF}.Ad-Hoc|ARM.Build.0 = Release|Any CPU
		{14A31D6C-5EA0-4263-8236-23A90BA50CAF}.Ad-Hoc|iPhone.ActiveCfg = Release|Any CPU
		{14A31D6C-5EA0-4263-8236-23A90BA50CAF}.Ad-Hoc|iPhone.Build.0 = Release|Any CPU
		{14A31D6C-5EA0-4263-8236-23A90BA50CAF}.Ad-Hoc|iPhoneSimulator.ActiveCfg = Release|Any CPU
		{14A31D6C-5EA0-4263-8236-23A90BA50CAF}.Ad-Hoc|iPhoneSimulator.Build.0 = Release|Any CPU
		{14A31D6C-5EA0-4263-8236-23A90BA50CAF}.Ad-Hoc|x64.ActiveCfg = Release|Any CPU
		{14A31D6C-5EA0-4263-8236-23A90BA50CAF}.Ad-Hoc|x64.Build.0 = Release|Any CPU
		{14A31D6C-5EA0-4263-8236-23A90BA50CAF}.Ad-Hoc|x86.ActiveCfg = Release|Any CPU
		{14A31D6C-5EA0-4263-8236-23A90BA50CAF}.Ad-Hoc|x86.Build.0 = Release|Any CPU
		{14A31D6C-5EA0-4263-8236-23A90BA50CAF}.AppStore|Any CPU.ActiveCfg = Release|Any CPU
		{14A31D6C-5EA0-4263-8236-23A90BA50CAF}.AppStore|Any CPU.Build.0 = Release|Any CPU
		{14A31D6C-5EA0-4263-8236-23A90BA50CAF}.AppStore|ARM.ActiveCfg = Release|Any CPU
		{14A31D6C-5EA0-4263-8236-23A90BA50CAF}.AppStore|ARM.Build.0 = Release|Any CPU
		{14A31D6C-5EA0-4263-8236-23A90BA50CAF}.AppStore|iPhone.ActiveCfg = Release|Any CPU
		{14A31D6C-5EA0-4263-8236-23A90BA50CAF}.AppStore|iPhone.Build.0 = Release|Any CPU
		{14A31D6C-5EA0-4263-8236-23A90BA50CAF}.AppStore|iPhoneSimulator.ActiveCfg = Release|Any CPU
		{14A31D6C-5EA0-4263-8236-23A90BA50CAF}.AppStore|iPhoneSimulator.Build.0 = Release|Any CPU
		{14A31D6C-5EA0-4263-8236-23A90BA50CAF}.AppStore|x64.ActiveCfg = Release|Any CPU
		{14A31D6C-5EA0-4263-8236-23A90BA50CAF}.AppStore|x64.Build.0 = Release|Any CPU
		{14A31D6C-5EA0-4263-8236-23A90BA50CAF}.AppStore|x86.ActiveCfg = Release|Any CPU
		{14A31D6C-5EA0-4263-8236-23A90BA50CAF}.AppStore|x86.Build.0 = Release|Any CPU
		{14A31D6C-5EA0-4263-8236-23A90BA50CAF}.Debug|Any CPU.ActiveCfg = Debug|Any CPU
		{14A31D6C-5EA0-4263-8236-23A90BA50CAF}.Debug|Any CPU.Build.0 = Debug|Any CPU
		{14A31D6C-5EA0-4263-8236-23A90BA50CAF}.Debug|ARM.ActiveCfg = Debug|Any CPU
		{14A31D6C-5EA0-4263-8236-23A90BA50CAF}.Debug|ARM.Build.0 = Debug|Any CPU
		{14A31D6C-5EA0-4263-8236-23A90BA50CAF}.Debug|iPhone.ActiveCfg = Debug|Any CPU
		{14A31D6C-5EA0-4263-8236-23A90BA50CAF}.Debug|iPhone.Build.0 = Debug|Any CPU
		{14A31D6C-5EA0-4263-8236-23A90BA50CAF}.Debug|iPhoneSimulator.ActiveCfg = Debug|Any CPU
		{14A31D6C-5EA0-4263-8236-23A90BA50CAF}.Debug|iPhoneSimulator.Build.0 = Debug|Any CPU
		{14A31D6C-5EA0-4263-8236-23A90BA50CAF}.Debug|x64.ActiveCfg = Debug|Any CPU
		{14A31D6C-5EA0-4263-8236-23A90BA50CAF}.Debug|x64.Build.0 = Debug|Any CPU
		{14A31D6C-5EA0-4263-8236-23A90BA50CAF}.Debug|x86.ActiveCfg = Debug|Any CPU
		{14A31D6C-5EA0-4263-8236-23A90BA50CAF}.Debug|x86.Build.0 = Debug|Any CPU
		{14A31D6C-5EA0-4263-8236-23A90BA50CAF}.Release|Any CPU.ActiveCfg = Release|Any CPU
		{14A31D6C-5EA0-4263-8236-23A90BA50CAF}.Release|Any CPU.Build.0 = Release|Any CPU
		{14A31D6C-5EA0-4263-8236-23A90BA50CAF}.Release|ARM.ActiveCfg = Release|Any CPU
		{14A31D6C-5EA0-4263-8236-23A90BA50CAF}.Release|ARM.Build.0 = Release|Any CPU
		{14A31D6C-5EA0-4263-8236-23A90BA50CAF}.Release|iPhone.ActiveCfg = Release|Any CPU
		{14A31D6C-5EA0-4263-8236-23A90BA50CAF}.Release|iPhone.Build.0 = Release|Any CPU
		{14A31D6C-5EA0-4263-8236-23A90BA50CAF}.Release|iPhoneSimulator.ActiveCfg = Release|Any CPU
		{14A31D6C-5EA0-4263-8236-23A90BA50CAF}.Release|iPhoneSimulator.Build.0 = Release|Any CPU
		{14A31D6C-5EA0-4263-8236-23A90BA50CAF}.Release|x64.ActiveCfg = Release|Any CPU
		{14A31D6C-5EA0-4263-8236-23A90BA50CAF}.Release|x64.Build.0 = Release|Any CPU
		{14A31D6C-5EA0-4263-8236-23A90BA50CAF}.Release|x86.ActiveCfg = Release|Any CPU
		{14A31D6C-5EA0-4263-8236-23A90BA50CAF}.Release|x86.Build.0 = Release|Any CPU
		{56CA3F8C-3E74-461B-B855-90DA9508EA66}.Ad-Hoc|Any CPU.ActiveCfg = Release|Any CPU
		{56CA3F8C-3E74-461B-B855-90DA9508EA66}.Ad-Hoc|Any CPU.Build.0 = Release|Any CPU
		{56CA3F8C-3E74-461B-B855-90DA9508EA66}.Ad-Hoc|ARM.ActiveCfg = Release|Any CPU
		{56CA3F8C-3E74-461B-B855-90DA9508EA66}.Ad-Hoc|ARM.Build.0 = Release|Any CPU
		{56CA3F8C-3E74-461B-B855-90DA9508EA66}.Ad-Hoc|iPhone.ActiveCfg = Release|Any CPU
		{56CA3F8C-3E74-461B-B855-90DA9508EA66}.Ad-Hoc|iPhone.Build.0 = Release|Any CPU
		{56CA3F8C-3E74-461B-B855-90DA9508EA66}.Ad-Hoc|iPhoneSimulator.ActiveCfg = Release|Any CPU
		{56CA3F8C-3E74-461B-B855-90DA9508EA66}.Ad-Hoc|iPhoneSimulator.Build.0 = Release|Any CPU
		{56CA3F8C-3E74-461B-B855-90DA9508EA66}.Ad-Hoc|x64.ActiveCfg = Release|Any CPU
		{56CA3F8C-3E74-461B-B855-90DA9508EA66}.Ad-Hoc|x64.Build.0 = Release|Any CPU
		{56CA3F8C-3E74-461B-B855-90DA9508EA66}.Ad-Hoc|x86.ActiveCfg = Release|Any CPU
		{56CA3F8C-3E74-461B-B855-90DA9508EA66}.Ad-Hoc|x86.Build.0 = Release|Any CPU
		{56CA3F8C-3E74-461B-B855-90DA9508EA66}.AppStore|Any CPU.ActiveCfg = Release|Any CPU
		{56CA3F8C-3E74-461B-B855-90DA9508EA66}.AppStore|Any CPU.Build.0 = Release|Any CPU
		{56CA3F8C-3E74-461B-B855-90DA9508EA66}.AppStore|ARM.ActiveCfg = Release|Any CPU
		{56CA3F8C-3E74-461B-B855-90DA9508EA66}.AppStore|ARM.Build.0 = Release|Any CPU
		{56CA3F8C-3E74-461B-B855-90DA9508EA66}.AppStore|iPhone.ActiveCfg = Release|Any CPU
		{56CA3F8C-3E74-461B-B855-90DA9508EA66}.AppStore|iPhone.Build.0 = Release|Any CPU
		{56CA3F8C-3E74-461B-B855-90DA9508EA66}.AppStore|iPhoneSimulator.ActiveCfg = Release|Any CPU
		{56CA3F8C-3E74-461B-B855-90DA9508EA66}.AppStore|iPhoneSimulator.Build.0 = Release|Any CPU
		{56CA3F8C-3E74-461B-B855-90DA9508EA66}.AppStore|x64.ActiveCfg = Release|Any CPU
		{56CA3F8C-3E74-461B-B855-90DA9508EA66}.AppStore|x64.Build.0 = Release|Any CPU
		{56CA3F8C-3E74-461B-B855-90DA9508EA66}.AppStore|x86.ActiveCfg = Release|Any CPU
		{56CA3F8C-3E74-461B-B855-90DA9508EA66}.AppStore|x86.Build.0 = Release|Any CPU
		{56CA3F8C-3E74-461B-B855-90DA9508EA66}.Debug|Any CPU.ActiveCfg = Debug|Any CPU
		{56CA3F8C-3E74-461B-B855-90DA9508EA66}.Debug|Any CPU.Build.0 = Debug|Any CPU
		{56CA3F8C-3E74-461B-B855-90DA9508EA66}.Debug|ARM.ActiveCfg = Debug|Any CPU
		{56CA3F8C-3E74-461B-B855-90DA9508EA66}.Debug|ARM.Build.0 = Debug|Any CPU
		{56CA3F8C-3E74-461B-B855-90DA9508EA66}.Debug|iPhone.ActiveCfg = Debug|Any CPU
		{56CA3F8C-3E74-461B-B855-90DA9508EA66}.Debug|iPhone.Build.0 = Debug|Any CPU
		{56CA3F8C-3E74-461B-B855-90DA9508EA66}.Debug|iPhoneSimulator.ActiveCfg = Debug|Any CPU
		{56CA3F8C-3E74-461B-B855-90DA9508EA66}.Debug|iPhoneSimulator.Build.0 = Debug|Any CPU
		{56CA3F8C-3E74-461B-B855-90DA9508EA66}.Debug|x64.ActiveCfg = Debug|Any CPU
		{56CA3F8C-3E74-461B-B855-90DA9508EA66}.Debug|x64.Build.0 = Debug|Any CPU
		{56CA3F8C-3E74-461B-B855-90DA9508EA66}.Debug|x86.ActiveCfg = Debug|Any CPU
		{56CA3F8C-3E74-461B-B855-90DA9508EA66}.Debug|x86.Build.0 = Debug|Any CPU
		{56CA3F8C-3E74-461B-B855-90DA9508EA66}.Release|Any CPU.ActiveCfg = Release|Any CPU
		{56CA3F8C-3E74-461B-B855-90DA9508EA66}.Release|Any CPU.Build.0 = Release|Any CPU
		{56CA3F8C-3E74-461B-B855-90DA9508EA66}.Release|ARM.ActiveCfg = Release|Any CPU
		{56CA3F8C-3E74-461B-B855-90DA9508EA66}.Release|ARM.Build.0 = Release|Any CPU
		{56CA3F8C-3E74-461B-B855-90DA9508EA66}.Release|iPhone.ActiveCfg = Release|Any CPU
		{56CA3F8C-3E74-461B-B855-90DA9508EA66}.Release|iPhone.Build.0 = Release|Any CPU
		{56CA3F8C-3E74-461B-B855-90DA9508EA66}.Release|iPhoneSimulator.ActiveCfg = Release|Any CPU
		{56CA3F8C-3E74-461B-B855-90DA9508EA66}.Release|iPhoneSimulator.Build.0 = Release|Any CPU
		{56CA3F8C-3E74-461B-B855-90DA9508EA66}.Release|x64.ActiveCfg = Release|Any CPU
		{56CA3F8C-3E74-461B-B855-90DA9508EA66}.Release|x64.Build.0 = Release|Any CPU
		{56CA3F8C-3E74-461B-B855-90DA9508EA66}.Release|x86.ActiveCfg = Release|Any CPU
		{56CA3F8C-3E74-461B-B855-90DA9508EA66}.Release|x86.Build.0 = Release|Any CPU
		{85DE47E3-BC2A-418C-99CD-4114E4617389}.Ad-Hoc|Any CPU.ActiveCfg = Release|Any CPU
		{85DE47E3-BC2A-418C-99CD-4114E4617389}.Ad-Hoc|Any CPU.Build.0 = Release|Any CPU
		{85DE47E3-BC2A-418C-99CD-4114E4617389}.Ad-Hoc|Any CPU.Deploy.0 = Release|Any CPU
		{85DE47E3-BC2A-418C-99CD-4114E4617389}.Ad-Hoc|ARM.ActiveCfg = Release|Any CPU
		{85DE47E3-BC2A-418C-99CD-4114E4617389}.Ad-Hoc|ARM.Build.0 = Release|Any CPU
		{85DE47E3-BC2A-418C-99CD-4114E4617389}.Ad-Hoc|ARM.Deploy.0 = Release|Any CPU
		{85DE47E3-BC2A-418C-99CD-4114E4617389}.Ad-Hoc|iPhone.ActiveCfg = Release|Any CPU
		{85DE47E3-BC2A-418C-99CD-4114E4617389}.Ad-Hoc|iPhone.Build.0 = Release|Any CPU
		{85DE47E3-BC2A-418C-99CD-4114E4617389}.Ad-Hoc|iPhone.Deploy.0 = Release|Any CPU
		{85DE47E3-BC2A-418C-99CD-4114E4617389}.Ad-Hoc|iPhoneSimulator.ActiveCfg = Release|Any CPU
		{85DE47E3-BC2A-418C-99CD-4114E4617389}.Ad-Hoc|iPhoneSimulator.Build.0 = Release|Any CPU
		{85DE47E3-BC2A-418C-99CD-4114E4617389}.Ad-Hoc|iPhoneSimulator.Deploy.0 = Release|Any CPU
		{85DE47E3-BC2A-418C-99CD-4114E4617389}.Ad-Hoc|x64.ActiveCfg = Release|Any CPU
		{85DE47E3-BC2A-418C-99CD-4114E4617389}.Ad-Hoc|x64.Build.0 = Release|Any CPU
		{85DE47E3-BC2A-418C-99CD-4114E4617389}.Ad-Hoc|x64.Deploy.0 = Release|Any CPU
		{85DE47E3-BC2A-418C-99CD-4114E4617389}.Ad-Hoc|x86.ActiveCfg = Release|Any CPU
		{85DE47E3-BC2A-418C-99CD-4114E4617389}.Ad-Hoc|x86.Build.0 = Release|Any CPU
		{85DE47E3-BC2A-418C-99CD-4114E4617389}.Ad-Hoc|x86.Deploy.0 = Release|Any CPU
		{85DE47E3-BC2A-418C-99CD-4114E4617389}.AppStore|Any CPU.ActiveCfg = Release|Any CPU
		{85DE47E3-BC2A-418C-99CD-4114E4617389}.AppStore|Any CPU.Build.0 = Release|Any CPU
		{85DE47E3-BC2A-418C-99CD-4114E4617389}.AppStore|Any CPU.Deploy.0 = Release|Any CPU
		{85DE47E3-BC2A-418C-99CD-4114E4617389}.AppStore|ARM.ActiveCfg = Release|Any CPU
		{85DE47E3-BC2A-418C-99CD-4114E4617389}.AppStore|ARM.Build.0 = Release|Any CPU
		{85DE47E3-BC2A-418C-99CD-4114E4617389}.AppStore|ARM.Deploy.0 = Release|Any CPU
		{85DE47E3-BC2A-418C-99CD-4114E4617389}.AppStore|iPhone.ActiveCfg = Release|Any CPU
		{85DE47E3-BC2A-418C-99CD-4114E4617389}.AppStore|iPhone.Build.0 = Release|Any CPU
		{85DE47E3-BC2A-418C-99CD-4114E4617389}.AppStore|iPhone.Deploy.0 = Release|Any CPU
		{85DE47E3-BC2A-418C-99CD-4114E4617389}.AppStore|iPhoneSimulator.ActiveCfg = Release|Any CPU
		{85DE47E3-BC2A-418C-99CD-4114E4617389}.AppStore|iPhoneSimulator.Build.0 = Release|Any CPU
		{85DE47E3-BC2A-418C-99CD-4114E4617389}.AppStore|iPhoneSimulator.Deploy.0 = Release|Any CPU
		{85DE47E3-BC2A-418C-99CD-4114E4617389}.AppStore|x64.ActiveCfg = Release|Any CPU
		{85DE47E3-BC2A-418C-99CD-4114E4617389}.AppStore|x64.Build.0 = Release|Any CPU
		{85DE47E3-BC2A-418C-99CD-4114E4617389}.AppStore|x64.Deploy.0 = Release|Any CPU
		{85DE47E3-BC2A-418C-99CD-4114E4617389}.AppStore|x86.ActiveCfg = Release|Any CPU
		{85DE47E3-BC2A-418C-99CD-4114E4617389}.AppStore|x86.Build.0 = Release|Any CPU
		{85DE47E3-BC2A-418C-99CD-4114E4617389}.AppStore|x86.Deploy.0 = Release|Any CPU
		{85DE47E3-BC2A-418C-99CD-4114E4617389}.Debug|Any CPU.ActiveCfg = Debug|Any CPU
		{85DE47E3-BC2A-418C-99CD-4114E4617389}.Debug|Any CPU.Build.0 = Debug|Any CPU
		{85DE47E3-BC2A-418C-99CD-4114E4617389}.Debug|Any CPU.Deploy.0 = Debug|Any CPU
		{85DE47E3-BC2A-418C-99CD-4114E4617389}.Debug|ARM.ActiveCfg = Debug|Any CPU
		{85DE47E3-BC2A-418C-99CD-4114E4617389}.Debug|ARM.Build.0 = Debug|Any CPU
		{85DE47E3-BC2A-418C-99CD-4114E4617389}.Debug|ARM.Deploy.0 = Debug|Any CPU
		{85DE47E3-BC2A-418C-99CD-4114E4617389}.Debug|iPhone.ActiveCfg = Debug|Any CPU
		{85DE47E3-BC2A-418C-99CD-4114E4617389}.Debug|iPhone.Build.0 = Debug|Any CPU
		{85DE47E3-BC2A-418C-99CD-4114E4617389}.Debug|iPhone.Deploy.0 = Debug|Any CPU
		{85DE47E3-BC2A-418C-99CD-4114E4617389}.Debug|iPhoneSimulator.ActiveCfg = Debug|Any CPU
		{85DE47E3-BC2A-418C-99CD-4114E4617389}.Debug|iPhoneSimulator.Build.0 = Debug|Any CPU
		{85DE47E3-BC2A-418C-99CD-4114E4617389}.Debug|iPhoneSimulator.Deploy.0 = Debug|Any CPU
		{85DE47E3-BC2A-418C-99CD-4114E4617389}.Debug|x64.ActiveCfg = Debug|Any CPU
		{85DE47E3-BC2A-418C-99CD-4114E4617389}.Debug|x64.Build.0 = Debug|Any CPU
		{85DE47E3-BC2A-418C-99CD-4114E4617389}.Debug|x64.Deploy.0 = Debug|Any CPU
		{85DE47E3-BC2A-418C-99CD-4114E4617389}.Debug|x86.ActiveCfg = Debug|Any CPU
		{85DE47E3-BC2A-418C-99CD-4114E4617389}.Debug|x86.Build.0 = Debug|Any CPU
		{85DE47E3-BC2A-418C-99CD-4114E4617389}.Debug|x86.Deploy.0 = Debug|Any CPU
		{85DE47E3-BC2A-418C-99CD-4114E4617389}.Release|Any CPU.ActiveCfg = Release|Any CPU
		{85DE47E3-BC2A-418C-99CD-4114E4617389}.Release|Any CPU.Build.0 = Release|Any CPU
		{85DE47E3-BC2A-418C-99CD-4114E4617389}.Release|Any CPU.Deploy.0 = Release|Any CPU
		{85DE47E3-BC2A-418C-99CD-4114E4617389}.Release|ARM.ActiveCfg = Release|Any CPU
		{85DE47E3-BC2A-418C-99CD-4114E4617389}.Release|ARM.Build.0 = Release|Any CPU
		{85DE47E3-BC2A-418C-99CD-4114E4617389}.Release|ARM.Deploy.0 = Release|Any CPU
		{85DE47E3-BC2A-418C-99CD-4114E4617389}.Release|iPhone.ActiveCfg = Release|Any CPU
		{85DE47E3-BC2A-418C-99CD-4114E4617389}.Release|iPhone.Build.0 = Release|Any CPU
		{85DE47E3-BC2A-418C-99CD-4114E4617389}.Release|iPhone.Deploy.0 = Release|Any CPU
		{85DE47E3-BC2A-418C-99CD-4114E4617389}.Release|iPhoneSimulator.ActiveCfg = Release|Any CPU
		{85DE47E3-BC2A-418C-99CD-4114E4617389}.Release|iPhoneSimulator.Build.0 = Release|Any CPU
		{85DE47E3-BC2A-418C-99CD-4114E4617389}.Release|iPhoneSimulator.Deploy.0 = Release|Any CPU
		{85DE47E3-BC2A-418C-99CD-4114E4617389}.Release|x64.ActiveCfg = Release|Any CPU
		{85DE47E3-BC2A-418C-99CD-4114E4617389}.Release|x64.Build.0 = Release|Any CPU
		{85DE47E3-BC2A-418C-99CD-4114E4617389}.Release|x64.Deploy.0 = Release|Any CPU
		{85DE47E3-BC2A-418C-99CD-4114E4617389}.Release|x86.ActiveCfg = Release|Any CPU
		{85DE47E3-BC2A-418C-99CD-4114E4617389}.Release|x86.Build.0 = Release|Any CPU
		{85DE47E3-BC2A-418C-99CD-4114E4617389}.Release|x86.Deploy.0 = Release|Any CPU
		{10EB319E-45B2-4571-9DC9-85D181E03F2D}.Ad-Hoc|Any CPU.ActiveCfg = Release|Any CPU
		{10EB319E-45B2-4571-9DC9-85D181E03F2D}.Ad-Hoc|Any CPU.Build.0 = Release|Any CPU
		{10EB319E-45B2-4571-9DC9-85D181E03F2D}.Ad-Hoc|ARM.ActiveCfg = Release|Any CPU
		{10EB319E-45B2-4571-9DC9-85D181E03F2D}.Ad-Hoc|ARM.Build.0 = Release|Any CPU
		{10EB319E-45B2-4571-9DC9-85D181E03F2D}.Ad-Hoc|iPhone.ActiveCfg = Release|Any CPU
		{10EB319E-45B2-4571-9DC9-85D181E03F2D}.Ad-Hoc|iPhone.Build.0 = Release|Any CPU
		{10EB319E-45B2-4571-9DC9-85D181E03F2D}.Ad-Hoc|iPhoneSimulator.ActiveCfg = Release|Any CPU
		{10EB319E-45B2-4571-9DC9-85D181E03F2D}.Ad-Hoc|iPhoneSimulator.Build.0 = Release|Any CPU
		{10EB319E-45B2-4571-9DC9-85D181E03F2D}.Ad-Hoc|x64.ActiveCfg = Release|Any CPU
		{10EB319E-45B2-4571-9DC9-85D181E03F2D}.Ad-Hoc|x64.Build.0 = Release|Any CPU
		{10EB319E-45B2-4571-9DC9-85D181E03F2D}.Ad-Hoc|x86.ActiveCfg = Release|Any CPU
		{10EB319E-45B2-4571-9DC9-85D181E03F2D}.Ad-Hoc|x86.Build.0 = Release|Any CPU
		{10EB319E-45B2-4571-9DC9-85D181E03F2D}.AppStore|Any CPU.ActiveCfg = Release|Any CPU
		{10EB319E-45B2-4571-9DC9-85D181E03F2D}.AppStore|Any CPU.Build.0 = Release|Any CPU
		{10EB319E-45B2-4571-9DC9-85D181E03F2D}.AppStore|ARM.ActiveCfg = Release|Any CPU
		{10EB319E-45B2-4571-9DC9-85D181E03F2D}.AppStore|ARM.Build.0 = Release|Any CPU
		{10EB319E-45B2-4571-9DC9-85D181E03F2D}.AppStore|iPhone.ActiveCfg = Release|Any CPU
		{10EB319E-45B2-4571-9DC9-85D181E03F2D}.AppStore|iPhone.Build.0 = Release|Any CPU
		{10EB319E-45B2-4571-9DC9-85D181E03F2D}.AppStore|iPhoneSimulator.ActiveCfg = Release|Any CPU
		{10EB319E-45B2-4571-9DC9-85D181E03F2D}.AppStore|iPhoneSimulator.Build.0 = Release|Any CPU
		{10EB319E-45B2-4571-9DC9-85D181E03F2D}.AppStore|x64.ActiveCfg = Release|Any CPU
		{10EB319E-45B2-4571-9DC9-85D181E03F2D}.AppStore|x64.Build.0 = Release|Any CPU
		{10EB319E-45B2-4571-9DC9-85D181E03F2D}.AppStore|x86.ActiveCfg = Release|Any CPU
		{10EB319E-45B2-4571-9DC9-85D181E03F2D}.AppStore|x86.Build.0 = Release|Any CPU
		{10EB319E-45B2-4571-9DC9-85D181E03F2D}.Debug|Any CPU.ActiveCfg = Debug|Any CPU
		{10EB319E-45B2-4571-9DC9-85D181E03F2D}.Debug|Any CPU.Build.0 = Debug|Any CPU
		{10EB319E-45B2-4571-9DC9-85D181E03F2D}.Debug|ARM.ActiveCfg = Debug|Any CPU
		{10EB319E-45B2-4571-9DC9-85D181E03F2D}.Debug|ARM.Build.0 = Debug|Any CPU
		{10EB319E-45B2-4571-9DC9-85D181E03F2D}.Debug|iPhone.ActiveCfg = Debug|Any CPU
		{10EB319E-45B2-4571-9DC9-85D181E03F2D}.Debug|iPhone.Build.0 = Debug|Any CPU
		{10EB319E-45B2-4571-9DC9-85D181E03F2D}.Debug|iPhoneSimulator.ActiveCfg = Debug|Any CPU
		{10EB319E-45B2-4571-9DC9-85D181E03F2D}.Debug|iPhoneSimulator.Build.0 = Debug|Any CPU
		{10EB319E-45B2-4571-9DC9-85D181E03F2D}.Debug|x64.ActiveCfg = Debug|Any CPU
		{10EB319E-45B2-4571-9DC9-85D181E03F2D}.Debug|x64.Build.0 = Debug|Any CPU
		{10EB319E-45B2-4571-9DC9-85D181E03F2D}.Debug|x86.ActiveCfg = Debug|Any CPU
		{10EB319E-45B2-4571-9DC9-85D181E03F2D}.Debug|x86.Build.0 = Debug|Any CPU
		{10EB319E-45B2-4571-9DC9-85D181E03F2D}.Release|Any CPU.ActiveCfg = Release|Any CPU
		{10EB319E-45B2-4571-9DC9-85D181E03F2D}.Release|Any CPU.Build.0 = Release|Any CPU
		{10EB319E-45B2-4571-9DC9-85D181E03F2D}.Release|ARM.ActiveCfg = Release|Any CPU
		{10EB319E-45B2-4571-9DC9-85D181E03F2D}.Release|ARM.Build.0 = Release|Any CPU
		{10EB319E-45B2-4571-9DC9-85D181E03F2D}.Release|iPhone.ActiveCfg = Release|Any CPU
		{10EB319E-45B2-4571-9DC9-85D181E03F2D}.Release|iPhone.Build.0 = Release|Any CPU
		{10EB319E-45B2-4571-9DC9-85D181E03F2D}.Release|iPhoneSimulator.ActiveCfg = Release|Any CPU
		{10EB319E-45B2-4571-9DC9-85D181E03F2D}.Release|iPhoneSimulator.Build.0 = Release|Any CPU
		{10EB319E-45B2-4571-9DC9-85D181E03F2D}.Release|x64.ActiveCfg = Release|Any CPU
		{10EB319E-45B2-4571-9DC9-85D181E03F2D}.Release|x64.Build.0 = Release|Any CPU
		{10EB319E-45B2-4571-9DC9-85D181E03F2D}.Release|x86.ActiveCfg = Release|Any CPU
		{10EB319E-45B2-4571-9DC9-85D181E03F2D}.Release|x86.Build.0 = Release|Any CPU
		{D6856544-BE1D-4930-A8B6-365CA409ADD0}.Ad-Hoc|Any CPU.ActiveCfg = Release|x86
		{D6856544-BE1D-4930-A8B6-365CA409ADD0}.Ad-Hoc|Any CPU.Build.0 = Release|x86
		{D6856544-BE1D-4930-A8B6-365CA409ADD0}.Ad-Hoc|Any CPU.Deploy.0 = Release|x86
		{D6856544-BE1D-4930-A8B6-365CA409ADD0}.Ad-Hoc|ARM.ActiveCfg = Release|ARM
		{D6856544-BE1D-4930-A8B6-365CA409ADD0}.Ad-Hoc|ARM.Build.0 = Release|ARM
		{D6856544-BE1D-4930-A8B6-365CA409ADD0}.Ad-Hoc|ARM.Deploy.0 = Release|ARM
		{D6856544-BE1D-4930-A8B6-365CA409ADD0}.Ad-Hoc|iPhone.ActiveCfg = Release|x86
		{D6856544-BE1D-4930-A8B6-365CA409ADD0}.Ad-Hoc|iPhone.Build.0 = Release|x86
		{D6856544-BE1D-4930-A8B6-365CA409ADD0}.Ad-Hoc|iPhone.Deploy.0 = Release|x86
		{D6856544-BE1D-4930-A8B6-365CA409ADD0}.Ad-Hoc|iPhoneSimulator.ActiveCfg = Release|x86
		{D6856544-BE1D-4930-A8B6-365CA409ADD0}.Ad-Hoc|iPhoneSimulator.Build.0 = Release|x86
		{D6856544-BE1D-4930-A8B6-365CA409ADD0}.Ad-Hoc|iPhoneSimulator.Deploy.0 = Release|x86
		{D6856544-BE1D-4930-A8B6-365CA409ADD0}.Ad-Hoc|x64.ActiveCfg = Release|x64
		{D6856544-BE1D-4930-A8B6-365CA409ADD0}.Ad-Hoc|x64.Build.0 = Release|x64
		{D6856544-BE1D-4930-A8B6-365CA409ADD0}.Ad-Hoc|x64.Deploy.0 = Release|x64
		{D6856544-BE1D-4930-A8B6-365CA409ADD0}.Ad-Hoc|x86.ActiveCfg = Release|x86
		{D6856544-BE1D-4930-A8B6-365CA409ADD0}.Ad-Hoc|x86.Build.0 = Release|x86
		{D6856544-BE1D-4930-A8B6-365CA409ADD0}.Ad-Hoc|x86.Deploy.0 = Release|x86
		{D6856544-BE1D-4930-A8B6-365CA409ADD0}.AppStore|Any CPU.ActiveCfg = Release|x86
		{D6856544-BE1D-4930-A8B6-365CA409ADD0}.AppStore|Any CPU.Build.0 = Release|x86
		{D6856544-BE1D-4930-A8B6-365CA409ADD0}.AppStore|Any CPU.Deploy.0 = Release|x86
		{D6856544-BE1D-4930-A8B6-365CA409ADD0}.AppStore|ARM.ActiveCfg = Release|ARM
		{D6856544-BE1D-4930-A8B6-365CA409ADD0}.AppStore|ARM.Build.0 = Release|ARM
		{D6856544-BE1D-4930-A8B6-365CA409ADD0}.AppStore|ARM.Deploy.0 = Release|ARM
		{D6856544-BE1D-4930-A8B6-365CA409ADD0}.AppStore|iPhone.ActiveCfg = Release|x86
		{D6856544-BE1D-4930-A8B6-365CA409ADD0}.AppStore|iPhone.Build.0 = Release|x86
		{D6856544-BE1D-4930-A8B6-365CA409ADD0}.AppStore|iPhone.Deploy.0 = Release|x86
		{D6856544-BE1D-4930-A8B6-365CA409ADD0}.AppStore|iPhoneSimulator.ActiveCfg = Release|x86
		{D6856544-BE1D-4930-A8B6-365CA409ADD0}.AppStore|iPhoneSimulator.Build.0 = Release|x86
		{D6856544-BE1D-4930-A8B6-365CA409ADD0}.AppStore|iPhoneSimulator.Deploy.0 = Release|x86
		{D6856544-BE1D-4930-A8B6-365CA409ADD0}.AppStore|x64.ActiveCfg = Release|x64
		{D6856544-BE1D-4930-A8B6-365CA409ADD0}.AppStore|x64.Build.0 = Release|x64
		{D6856544-BE1D-4930-A8B6-365CA409ADD0}.AppStore|x64.Deploy.0 = Release|x64
		{D6856544-BE1D-4930-A8B6-365CA409ADD0}.AppStore|x86.ActiveCfg = Release|x86
		{D6856544-BE1D-4930-A8B6-365CA409ADD0}.AppStore|x86.Build.0 = Release|x86
		{D6856544-BE1D-4930-A8B6-365CA409ADD0}.AppStore|x86.Deploy.0 = Release|x86
		{D6856544-BE1D-4930-A8B6-365CA409ADD0}.Debug|Any CPU.ActiveCfg = Debug|x86
		{D6856544-BE1D-4930-A8B6-365CA409ADD0}.Debug|ARM.ActiveCfg = Debug|ARM
		{D6856544-BE1D-4930-A8B6-365CA409ADD0}.Debug|ARM.Build.0 = Debug|ARM
		{D6856544-BE1D-4930-A8B6-365CA409ADD0}.Debug|ARM.Deploy.0 = Debug|ARM
		{D6856544-BE1D-4930-A8B6-365CA409ADD0}.Debug|iPhone.ActiveCfg = Debug|x86
		{D6856544-BE1D-4930-A8B6-365CA409ADD0}.Debug|iPhoneSimulator.ActiveCfg = Debug|x86
		{D6856544-BE1D-4930-A8B6-365CA409ADD0}.Debug|x64.ActiveCfg = Debug|x64
		{D6856544-BE1D-4930-A8B6-365CA409ADD0}.Debug|x64.Build.0 = Debug|x64
		{D6856544-BE1D-4930-A8B6-365CA409ADD0}.Debug|x64.Deploy.0 = Debug|x64
		{D6856544-BE1D-4930-A8B6-365CA409ADD0}.Debug|x86.ActiveCfg = Debug|x86
		{D6856544-BE1D-4930-A8B6-365CA409ADD0}.Debug|x86.Build.0 = Debug|x86
		{D6856544-BE1D-4930-A8B6-365CA409ADD0}.Debug|x86.Deploy.0 = Debug|x86
		{D6856544-BE1D-4930-A8B6-365CA409ADD0}.Release|Any CPU.ActiveCfg = Release|x86
		{D6856544-BE1D-4930-A8B6-365CA409ADD0}.Release|ARM.ActiveCfg = Release|ARM
		{D6856544-BE1D-4930-A8B6-365CA409ADD0}.Release|ARM.Build.0 = Release|ARM
		{D6856544-BE1D-4930-A8B6-365CA409ADD0}.Release|ARM.Deploy.0 = Release|ARM
		{D6856544-BE1D-4930-A8B6-365CA409ADD0}.Release|iPhone.ActiveCfg = Release|x86
		{D6856544-BE1D-4930-A8B6-365CA409ADD0}.Release|iPhoneSimulator.ActiveCfg = Release|x86
		{D6856544-BE1D-4930-A8B6-365CA409ADD0}.Release|x64.ActiveCfg = Release|x64
		{D6856544-BE1D-4930-A8B6-365CA409ADD0}.Release|x64.Build.0 = Release|x64
		{D6856544-BE1D-4930-A8B6-365CA409ADD0}.Release|x64.Deploy.0 = Release|x64
		{D6856544-BE1D-4930-A8B6-365CA409ADD0}.Release|x86.ActiveCfg = Release|x86
		{D6856544-BE1D-4930-A8B6-365CA409ADD0}.Release|x86.Build.0 = Release|x86
		{D6856544-BE1D-4930-A8B6-365CA409ADD0}.Release|x86.Deploy.0 = Release|x86
		{6AD9C629-DC56-4123-9486-AA0207EE0660}.Ad-Hoc|Any CPU.ActiveCfg = Ad-Hoc|iPhone
		{6AD9C629-DC56-4123-9486-AA0207EE0660}.Ad-Hoc|ARM.ActiveCfg = Ad-Hoc|iPhone
		{6AD9C629-DC56-4123-9486-AA0207EE0660}.Ad-Hoc|iPhone.ActiveCfg = Ad-Hoc|iPhone
		{6AD9C629-DC56-4123-9486-AA0207EE0660}.Ad-Hoc|iPhone.Build.0 = Ad-Hoc|iPhone
		{6AD9C629-DC56-4123-9486-AA0207EE0660}.Ad-Hoc|iPhoneSimulator.ActiveCfg = Ad-Hoc|iPhoneSimulator
		{6AD9C629-DC56-4123-9486-AA0207EE0660}.Ad-Hoc|iPhoneSimulator.Build.0 = Ad-Hoc|iPhoneSimulator
		{6AD9C629-DC56-4123-9486-AA0207EE0660}.Ad-Hoc|x64.ActiveCfg = Ad-Hoc|iPhone
		{6AD9C629-DC56-4123-9486-AA0207EE0660}.Ad-Hoc|x86.ActiveCfg = Ad-Hoc|iPhone
		{6AD9C629-DC56-4123-9486-AA0207EE0660}.AppStore|Any CPU.ActiveCfg = AppStore|iPhone
		{6AD9C629-DC56-4123-9486-AA0207EE0660}.AppStore|ARM.ActiveCfg = AppStore|iPhone
		{6AD9C629-DC56-4123-9486-AA0207EE0660}.AppStore|iPhone.ActiveCfg = AppStore|iPhone
		{6AD9C629-DC56-4123-9486-AA0207EE0660}.AppStore|iPhone.Build.0 = AppStore|iPhone
		{6AD9C629-DC56-4123-9486-AA0207EE0660}.AppStore|iPhoneSimulator.ActiveCfg = AppStore|iPhoneSimulator
		{6AD9C629-DC56-4123-9486-AA0207EE0660}.AppStore|iPhoneSimulator.Build.0 = AppStore|iPhoneSimulator
		{6AD9C629-DC56-4123-9486-AA0207EE0660}.AppStore|x64.ActiveCfg = AppStore|iPhone
		{6AD9C629-DC56-4123-9486-AA0207EE0660}.AppStore|x86.ActiveCfg = AppStore|iPhone
		{6AD9C629-DC56-4123-9486-AA0207EE0660}.Debug|Any CPU.ActiveCfg = Debug|iPhone
		{6AD9C629-DC56-4123-9486-AA0207EE0660}.Debug|ARM.ActiveCfg = Debug|iPhone
		{6AD9C629-DC56-4123-9486-AA0207EE0660}.Debug|iPhone.ActiveCfg = Debug|iPhone
		{6AD9C629-DC56-4123-9486-AA0207EE0660}.Debug|iPhone.Build.0 = Debug|iPhone
		{6AD9C629-DC56-4123-9486-AA0207EE0660}.Debug|iPhoneSimulator.ActiveCfg = Debug|iPhoneSimulator
		{6AD9C629-DC56-4123-9486-AA0207EE0660}.Debug|iPhoneSimulator.Build.0 = Debug|iPhoneSimulator
		{6AD9C629-DC56-4123-9486-AA0207EE0660}.Debug|x64.ActiveCfg = Debug|iPhone
		{6AD9C629-DC56-4123-9486-AA0207EE0660}.Debug|x86.ActiveCfg = Debug|iPhone
		{6AD9C629-DC56-4123-9486-AA0207EE0660}.Release|Any CPU.ActiveCfg = Release|iPhone
		{6AD9C629-DC56-4123-9486-AA0207EE0660}.Release|ARM.ActiveCfg = Release|iPhone
		{6AD9C629-DC56-4123-9486-AA0207EE0660}.Release|iPhone.ActiveCfg = Release|iPhone
		{6AD9C629-DC56-4123-9486-AA0207EE0660}.Release|iPhone.Build.0 = Release|iPhone
		{6AD9C629-DC56-4123-9486-AA0207EE0660}.Release|iPhoneSimulator.ActiveCfg = Release|iPhoneSimulator
		{6AD9C629-DC56-4123-9486-AA0207EE0660}.Release|iPhoneSimulator.Build.0 = Release|iPhoneSimulator
		{6AD9C629-DC56-4123-9486-AA0207EE0660}.Release|x64.ActiveCfg = Release|iPhone
		{6AD9C629-DC56-4123-9486-AA0207EE0660}.Release|x86.ActiveCfg = Release|iPhone
	EndGlobalSection
	GlobalSection(SolutionProperties) = preSolution
		HideSolutionNode = FALSE
	EndGlobalSection
EndGlobal
